
Microsoft Visual Studio Solution File, Format Version 12.00
# Visual Studio Version 17
VisualStudioVersion = 17.9.34728.123
MinimumVisualStudioVersion = 10.0.40219.1
Project("{FAE04EC0-301F-11D3-BF4B-00C04F79EFBC}") = "ImportExcelAndShowSyncfusion", "ImportExcelAndShowSyncfusion\ImportExcelAndShowSyncfusion.csproj", "{0C1877A6-B094-4D53-ABE0-82DE72D4914B}"
EndProject
Global
	GlobalSection(SolutionConfigurationPlatforms) = preSolution
		Debug|Any CPU = Debug|Any CPU
		Release|Any CPU = Release|Any CPU
	EndGlobalSection
	GlobalSection(ProjectConfigurationPlatforms) = postSolution
		{0C1877A6-B094-4D53-ABE0-82DE72D4914B}.Debug|Any CPU.ActiveCfg = Debug|Any CPU
		{0C1877A6-B094-4D53-ABE0-82DE72D4914B}.Debug|Any CPU.Build.0 = Debug|Any CPU
		{0C1877A6-B094-4D53-ABE0-82DE72D4914B}.Release|Any CPU.ActiveCfg = Release|Any CPU
		{0C1877A6-B094-4D53-ABE0-82DE72D4914B}.Release|Any CPU.Build.0 = Release|Any CPU
	EndGlobalSection
	GlobalSection(SolutionProperties) = preSolution
		HideSolutionNode = FALSE
	EndGlobalSection
	GlobalSection(ExtensibilityGlobals) = postSolution
		SolutionGuid = {28C14F5C-2999-4F96-84B4-3504492E5393}
	EndGlobalSection
EndGlobal
